<?xml version="1.0" encoding="utf-8"?>
<Project ToolsVersion="4.0" xmlns="http://schemas.microsoft.com/developer/msbuild/2003">
  <ItemGroup>
    <Filter Include="Source Files">
      <UniqueIdentifier>{4FC737F1-C7A5-4376-A066-2A32D752A2FF}</UniqueIdentifier>
      <Extensions>cpp;c;cc;cxx;def;odl;idl;hpj;bat;asm;asmx</Extensions>
    </Filter>
    <Filter Include="Header Files">
      <UniqueIdentifier>{93995380-89BD-4b04-88EB-625FBE52EBFB}</UniqueIdentifier>
      <Extensions>h;hh;hpp;hxx;hm;inl;inc;xsd</Extensions>
    </Filter>
    <Filter Include="Resource Files">
      <UniqueIdentifier>{67DA6AB6-F800-4c08-8B7A-83BB121AAD01}</UniqueIdentifier>
      <Extensions>rc;ico;cur;bmp;dlg;rc2;rct;bin;rgs;gif;jpg;jpeg;jpe;resx;tiff;tif;png;wav;mfcribbon-ms</Extensions>
    </Filter>
    <Filter Include="GameObjects">
      <UniqueIdentifier>{5c203542-825c-45ef-92e0-38c5502f8e71}</UniqueIdentifier>
    </Filter>
    <Filter Include="Systems">
      <UniqueIdentifier>{82dc4c2d-eeee-474b-86c5-504bf6c38b01}</UniqueIdentifier>
    </Filter>
  </ItemGroup>
  <ItemGroup>
    <ClCompile Include="src\tunnel_terror_game.cpp">
      <Filter>Source Files</Filter>
    </ClCompile>
    <ClCompile Include="src\main.cpp">
      <Filter>Source Files</Filter>
    </ClCompile>
    <ClCompile Include="src\pipe.cpp">
      <Filter>GameObjects</Filter>
    </ClCompile>
    <ClCompile Include="src\game_scene.cpp">
      <Filter>Source Files</Filter>
    </ClCompile>
    <ClCompile Include="src\debug_dummy.cpp">
      <Filter>GameObjects</Filter>
    </ClCompile>
    <ClCompile Include="src\camera.cpp">
      <Filter>GameObjects</Filter>
    </ClCompile>
    <ClCompile Include="src\pipe_system.cpp">
      <Filter>Systems</Filter>
    </ClCompile>
  </ItemGroup>
  <ItemGroup>
    <ClInclude Include="include\tunnel_terror_game.h">
      <Filter>Header Files</Filter>
    </ClInclude>
    <ClInclude Include="include\pipe.h">
      <Filter>GameObjects</Filter>
    </ClInclude>
    <ClInclude Include="include\game_scene.h">
      <Filter>Header Files</Filter>
    </ClInclude>
    <ClInclude Include="include\debug_dummy.h">
      <Filter>GameObjects</Filter>
    </ClInclude>
    <ClInclude Include="include\camera.h">
      <Filter>GameObjects</Filter>
    </ClInclude>
    <ClInclude Include="include\pipe_system.h">
      <Filter>Systems</Filter>
    </ClInclude>
  </ItemGroup>
</Project>