
Microsoft Visual Studio Solution File, Format Version 12.00
# Visual Studio 14
VisualStudioVersion = 14.0.25420.1
MinimumVisualStudioVersion = 10.0.40219.1
Project("{8BC9CEB8-8B4A-11D0-8D11-00A0C91BC942}") = "TunnelTerrorAcw", "TunnelTerrorAcw.vcxproj", "{5FA6B86E-0364-47DB-A358-3D405DCD338D}"
	ProjectSection(ProjectDependencies) = postProject
		{29972CCA-EEAC-48E5-AB22-93B6C302027B} = {29972CCA-EEAC-48E5-AB22-93B6C302027B}
	EndProjectSection
EndProject
Project("{8BC9CEB8-8B4A-11D0-8D11-00A0C91BC942}") = "EntityEngine", "EntityEngine\EntityEngine.vcxproj", "{29972CCA-EEAC-48E5-AB22-93B6C302027B}"
EndProject
Global
	GlobalSection(SolutionConfigurationPlatforms) = preSolution
		Debug - DirectX|Any CPU = Debug - DirectX|Any CPU
		Debug - DirectX|x64 = Debug - DirectX|x64
		Debug - DirectX|x86 = Debug - DirectX|x86
		Debug - OpenGL|Any CPU = Debug - OpenGL|Any CPU
		Debug - OpenGL|x64 = Debug - OpenGL|x64
		Debug - OpenGL|x86 = Debug - OpenGL|x86
		Debug|Any CPU = Debug|Any CPU
		Debug|x64 = Debug|x64
		Debug|x86 = Debug|x86
		Release - DirectX|Any CPU = Release - DirectX|Any CPU
		Release - DirectX|x64 = Release - DirectX|x64
		Release - DirectX|x86 = Release - DirectX|x86
		Release - OpenGL|Any CPU = Release - OpenGL|Any CPU
		Release - OpenGL|x64 = Release - OpenGL|x64
		Release - OpenGL|x86 = Release - OpenGL|x86
		Release|Any CPU = Release|Any CPU
		Release|x64 = Release|x64
		Release|x86 = Release|x86
	EndGlobalSection
	GlobalSection(ProjectConfigurationPlatforms) = postSolution
		{5FA6B86E-0364-47DB-A358-3D405DCD338D}.Debug - DirectX|Any CPU.ActiveCfg = Debug - DirectX|Win32
		{5FA6B86E-0364-47DB-A358-3D405DCD338D}.Debug - DirectX|x64.ActiveCfg = Release - DirectX|x64
		{5FA6B86E-0364-47DB-A358-3D405DCD338D}.Debug - DirectX|x64.Build.0 = Release - DirectX|x64
		{5FA6B86E-0364-47DB-A358-3D405DCD338D}.Debug - DirectX|x86.ActiveCfg = Debug - DirectX|Win32
		{5FA6B86E-0364-47DB-A358-3D405DCD338D}.Debug - DirectX|x86.Build.0 = Debug - DirectX|Win32
		{5FA6B86E-0364-47DB-A358-3D405DCD338D}.Debug - OpenGL|Any CPU.ActiveCfg = Debug - DirectX|x64
		{5FA6B86E-0364-47DB-A358-3D405DCD338D}.Debug - OpenGL|Any CPU.Build.0 = Debug - DirectX|x64
		{5FA6B86E-0364-47DB-A358-3D405DCD338D}.Debug - OpenGL|x64.ActiveCfg = Release - DirectX|x64
		{5FA6B86E-0364-47DB-A358-3D405DCD338D}.Debug - OpenGL|x64.Build.0 = Release - DirectX|x64
		{5FA6B86E-0364-47DB-A358-3D405DCD338D}.Debug - OpenGL|x86.ActiveCfg = Release - DirectX|Win32
		{5FA6B86E-0364-47DB-A358-3D405DCD338D}.Debug - OpenGL|x86.Build.0 = Release - DirectX|Win32
		{5FA6B86E-0364-47DB-A358-3D405DCD338D}.Debug|Any CPU.ActiveCfg = Debug - DirectX|x64
		{5FA6B86E-0364-47DB-A358-3D405DCD338D}.Debug|Any CPU.Build.0 = Debug - DirectX|x64
		{5FA6B86E-0364-47DB-A358-3D405DCD338D}.Debug|x64.ActiveCfg = Debug - DirectX|x64
		{5FA6B86E-0364-47DB-A358-3D405DCD338D}.Debug|x64.Build.0 = Debug - DirectX|x64
		{5FA6B86E-0364-47DB-A358-3D405DCD338D}.Debug|x86.ActiveCfg = Debug - DirectX|Win32
		{5FA6B86E-0364-47DB-A358-3D405DCD338D}.Debug|x86.Build.0 = Debug - DirectX|Win32
		{5FA6B86E-0364-47DB-A358-3D405DCD338D}.Release - DirectX|Any CPU.ActiveCfg = Release - DirectX|Win32
		{5FA6B86E-0364-47DB-A358-3D405DCD338D}.Release - DirectX|x64.ActiveCfg = Release - DirectX|x64
		{5FA6B86E-0364-47DB-A358-3D405DCD338D}.Release - DirectX|x64.Build.0 = Release - DirectX|x64
		{5FA6B86E-0364-47DB-A358-3D405DCD338D}.Release - DirectX|x86.ActiveCfg = Release - DirectX|Win32
		{5FA6B86E-0364-47DB-A358-3D405DCD338D}.Release - DirectX|x86.Build.0 = Release - DirectX|Win32
		{5FA6B86E-0364-47DB-A358-3D405DCD338D}.Release - OpenGL|Any CPU.ActiveCfg = Debug - DirectX|x64
		{5FA6B86E-0364-47DB-A358-3D405DCD338D}.Release - OpenGL|Any CPU.Build.0 = Debug - DirectX|x64
		{5FA6B86E-0364-47DB-A358-3D405DCD338D}.Release - OpenGL|x64.ActiveCfg = Release - DirectX|x64
		{5FA6B86E-0364-47DB-A358-3D405DCD338D}.Release - OpenGL|x64.Build.0 = Release - DirectX|x64
		{5FA6B86E-0364-47DB-A358-3D405DCD338D}.Release - OpenGL|x86.ActiveCfg = Release - DirectX|Win32
		{5FA6B86E-0364-47DB-A358-3D405DCD338D}.Release - OpenGL|x86.Build.0 = Release - DirectX|Win32
		{5FA6B86E-0364-47DB-A358-3D405DCD338D}.Release|Any CPU.ActiveCfg = Debug - DirectX|x64
		{5FA6B86E-0364-47DB-A358-3D405DCD338D}.Release|Any CPU.Build.0 = Debug - DirectX|x64
		{5FA6B86E-0364-47DB-A358-3D405DCD338D}.Release|x64.ActiveCfg = Release - DirectX|x64
		{5FA6B86E-0364-47DB-A358-3D405DCD338D}.Release|x64.Build.0 = Release - DirectX|x64
		{5FA6B86E-0364-47DB-A358-3D405DCD338D}.Release|x86.ActiveCfg = Release - DirectX|Win32
		{5FA6B86E-0364-47DB-A358-3D405DCD338D}.Release|x86.Build.0 = Release - DirectX|Win32
		{29972CCA-EEAC-48E5-AB22-93B6C302027B}.Debug - DirectX|Any CPU.ActiveCfg = Debug - DirectX|Win32
		{29972CCA-EEAC-48E5-AB22-93B6C302027B}.Debug - DirectX|x64.ActiveCfg = Debug - DirectX|Win32
		{29972CCA-EEAC-48E5-AB22-93B6C302027B}.Debug - DirectX|x86.ActiveCfg = Debug - DirectX|Win32
		{29972CCA-EEAC-48E5-AB22-93B6C302027B}.Debug - DirectX|x86.Build.0 = Debug - DirectX|Win32
		{29972CCA-EEAC-48E5-AB22-93B6C302027B}.Debug - OpenGL|Any CPU.ActiveCfg = Debug - OpenGL|Win32
		{29972CCA-EEAC-48E5-AB22-93B6C302027B}.Debug - OpenGL|x64.ActiveCfg = Debug - OpenGL|Win32
		{29972CCA-EEAC-48E5-AB22-93B6C302027B}.Debug - OpenGL|x86.ActiveCfg = Debug - OpenGL|Win32
		{29972CCA-EEAC-48E5-AB22-93B6C302027B}.Debug - OpenGL|x86.Build.0 = Debug - OpenGL|Win32
		{29972CCA-EEAC-48E5-AB22-93B6C302027B}.Debug|Any CPU.ActiveCfg = Release - OpenGL|Win32
		{29972CCA-EEAC-48E5-AB22-93B6C302027B}.Debug|Any CPU.Build.0 = Release - OpenGL|Win32
		{29972CCA-EEAC-48E5-AB22-93B6C302027B}.Debug|x64.ActiveCfg = Release - OpenGL|Win32
		{29972CCA-EEAC-48E5-AB22-93B6C302027B}.Debug|x64.Build.0 = Release - OpenGL|Win32
		{29972CCA-EEAC-48E5-AB22-93B6C302027B}.Debug|x86.ActiveCfg = Debug - OpenGL|Win32
		{29972CCA-EEAC-48E5-AB22-93B6C302027B}.Debug|x86.Build.0 = Debug - OpenGL|Win32
		{29972CCA-EEAC-48E5-AB22-93B6C302027B}.Release - DirectX|Any CPU.ActiveCfg = Release - DirectX|Win32
		{29972CCA-EEAC-48E5-AB22-93B6C302027B}.Release - DirectX|x64.ActiveCfg = Release - DirectX|Win32
		{29972CCA-EEAC-48E5-AB22-93B6C302027B}.Release - DirectX|x86.ActiveCfg = Release - DirectX|Win32
		{29972CCA-EEAC-48E5-AB22-93B6C302027B}.Release - DirectX|x86.Build.0 = Release - DirectX|Win32
		{29972CCA-EEAC-48E5-AB22-93B6C302027B}.Release - OpenGL|Any CPU.ActiveCfg = Release - OpenGL|Win32
		{29972CCA-EEAC-48E5-AB22-93B6C302027B}.Release - OpenGL|x64.ActiveCfg = Release - OpenGL|Win32
		{29972CCA-EEAC-48E5-AB22-93B6C302027B}.Release - OpenGL|x86.ActiveCfg = Release - OpenGL|Win32
		{29972CCA-EEAC-48E5-AB22-93B6C302027B}.Release - OpenGL|x86.Build.0 = Release - OpenGL|Win32
		{29972CCA-EEAC-48E5-AB22-93B6C302027B}.Release|Any CPU.ActiveCfg = Release - OpenGL|Win32
		{29972CCA-EEAC-48E5-AB22-93B6C302027B}.Release|Any CPU.Build.0 = Release - OpenGL|Win32
		{29972CCA-EEAC-48E5-AB22-93B6C302027B}.Release|x64.ActiveCfg = Release - OpenGL|Win32
		{29972CCA-EEAC-48E5-AB22-93B6C302027B}.Release|x64.Build.0 = Release - OpenGL|Win32
		{29972CCA-EEAC-48E5-AB22-93B6C302027B}.Release|x86.ActiveCfg = Release - OpenGL|Win32
		{29972CCA-EEAC-48E5-AB22-93B6C302027B}.Release|x86.Build.0 = Release - OpenGL|Win32
	EndGlobalSection
	GlobalSection(SolutionProperties) = preSolution
		HideSolutionNode = FALSE
	EndGlobalSection
EndGlobal
